# This file is @generated by PDM.
# It is not intended for manual editing.

[metadata]
groups = ["default"]
strategy = ["inherit_metadata"]
lock_version = "4.5.0"
content_hash = "sha256:afca1b98f3dc0f54f1aa323cfc0d8fcef1407f5b793ab36f721b1159f5f5d86d"

[[metadata.targets]]
requires_python = ">=3.12"

[[package]]
name = "camelot"
version = "12.6.29"
summary = "A python GUI framework on top of Sqlalchemy and Qt, inspired by the Django admin interface. Start building desktop applications at warp speed, simply by adding some additional information to you model definition."
groups = ["default"]
marker = "python_version >= \"3.12\""
dependencies = [
    "Elixir>=0.7.1",
    "Jinja2>=2.5.5",
    "SQLAlchemy<0.8.0,>=0.7.7",
    "chardet>=1.0.1",
    "sqlalchemy-migrate>=0.7.1",
    "xlrd==0.7.1",
    "xlwt==0.7.2",
]
files = [
    {file = "Camelot-12.06.29.tar.gz", hash = "sha256:6ec7de2c388fb74aec44d2995069ef25129934315399d4462ff1846a38afd310"},
]

[[package]]
name = "chardet"
version = "5.2.0"
requires_python = ">=3.7"
summary = "Universal encoding detector for Python 3"
groups = ["default"]
marker = "python_version >= \"3.12\""
files = [
    {file = "chardet-5.2.0-py3-none-any.whl", hash = "sha256:e1cf59446890a00105fe7b7912492ea04b6e6f06d4b742b2c788469e34c82970"},
    {file = "chardet-5.2.0.tar.gz", hash = "sha256:1b3b6ff479a8c414bc3fa2c0852995695c4a026dcd6d0633b2dd092ca39c1cf7"},
]

[[package]]
name = "decorator"
version = "5.1.1"
requires_python = ">=3.5"
summary = "Decorators for Humans"
groups = ["default"]
marker = "python_version >= \"3.12\""
files = [
    {file = "decorator-5.1.1-py3-none-any.whl", hash = "sha256:b8c3f85900b9dc423225913c5aace94729fe1fa9763b38939a95226f02d37186"},
    {file = "decorator-5.1.1.tar.gz", hash = "sha256:637996211036b6385ef91435e4fae22989472f9d571faba8927ba8253acbc330"},
]

[[package]]
name = "elixir"
version = "0.7.1"
summary = "Declarative Mapper for SQLAlchemy"
groups = ["default"]
marker = "python_version >= \"3.12\""
dependencies = [
    "SQLAlchemy>=0.4.0",
]
files = [
    {file = "Elixir-0.7.1.tar.gz", hash = "sha256:a7ef437f25b544e4f74fb3236fc43cd25f5d6feb6037dd7c66931046d75439e9"},
]

[[package]]
name = "jinja2"
version = "3.1.4"
requires_python = ">=3.7"
summary = "A very fast and expressive template engine."
groups = ["default"]
marker = "python_version >= \"3.12\""
dependencies = [
    "MarkupSafe>=2.0",
]
files = [
    {file = "jinja2-3.1.4-py3-none-any.whl", hash = "sha256:bc5dd2abb727a5319567b7a813e6a2e7318c39f4f487cfe6c89c6f9c7d25197d"},
    {file = "jinja2-3.1.4.tar.gz", hash = "sha256:4a3aee7acbbe7303aede8e9648d13b8bf88a429282aa6122a993f0ac800cb369"},
]

[[package]]
name = "markupsafe"
version = "2.1.5"
requires_python = ">=3.7"
summary = "Safely add untrusted strings to HTML/XML markup."
groups = ["default"]
marker = "python_version >= \"3.12\""
files = [
    {file = "MarkupSafe-2.1.5-cp312-cp312-macosx_10_9_universal2.whl", hash = "sha256:8dec4936e9c3100156f8a2dc89c4b88d5c435175ff03413b443469c7c8c5f4d1"},
    {file = "MarkupSafe-2.1.5-cp312-cp312-macosx_10_9_x86_64.whl", hash = "sha256:3c6b973f22eb18a789b1460b4b91bf04ae3f0c4234a0a6aa6b0a92f6f7b951d4"},
    {file = "MarkupSafe-2.1.5-cp312-cp312-manylinux_2_17_aarch64.manylinux2014_aarch64.whl", hash = "sha256:ac07bad82163452a6884fe8fa0963fb98c2346ba78d779ec06bd7a6262132aee"},
    {file = "MarkupSafe-2.1.5-cp312-cp312-manylinux_2_17_x86_64.manylinux2014_x86_64.whl", hash = "sha256:f5dfb42c4604dddc8e4305050aa6deb084540643ed5804d7455b5df8fe16f5e5"},
    {file = "MarkupSafe-2.1.5-cp312-cp312-manylinux_2_5_i686.manylinux1_i686.manylinux_2_17_i686.manylinux2014_i686.whl", hash = "sha256:ea3d8a3d18833cf4304cd2fc9cbb1efe188ca9b5efef2bdac7adc20594a0e46b"},
    {file = "MarkupSafe-2.1.5-cp312-cp312-musllinux_1_1_aarch64.whl", hash = "sha256:d050b3361367a06d752db6ead6e7edeb0009be66bc3bae0ee9d97fb326badc2a"},
    {file = "MarkupSafe-2.1.5-cp312-cp312-musllinux_1_1_i686.whl", hash = "sha256:bec0a414d016ac1a18862a519e54b2fd0fc8bbfd6890376898a6c0891dd82e9f"},
    {file = "MarkupSafe-2.1.5-cp312-cp312-musllinux_1_1_x86_64.whl", hash = "sha256:58c98fee265677f63a4385256a6d7683ab1832f3ddd1e66fe948d5880c21a169"},
    {file = "MarkupSafe-2.1.5-cp312-cp312-win32.whl", hash = "sha256:8590b4ae07a35970728874632fed7bd57b26b0102df2d2b233b6d9d82f6c62ad"},
    {file = "MarkupSafe-2.1.5-cp312-cp312-win_amd64.whl", hash = "sha256:823b65d8706e32ad2df51ed89496147a42a2a6e01c13cfb6ffb8b1e92bc910bb"},
    {file = "MarkupSafe-2.1.5.tar.gz", hash = "sha256:d283d37a890ba4c1ae73ffadf8046435c76e7bc2247bbb63c00bd1a709c6544b"},
]

[[package]]
name = "pbr"
version = "6.0.0"
requires_python = ">=2.6"
summary = "Python Build Reasonableness"
groups = ["default"]
marker = "python_version >= \"3.12\""
files = [
    {file = "pbr-6.0.0-py2.py3-none-any.whl", hash = "sha256:4a7317d5e3b17a3dccb6a8cfe67dab65b20551404c52c8ed41279fa4f0cb4cda"},
    {file = "pbr-6.0.0.tar.gz", hash = "sha256:d1377122a5a00e2f940ee482999518efe16d745d423a670c27773dfbc3c9a7d9"},
]

[[package]]
name = "six"
version = "1.16.0"
requires_python = ">=2.7, !=3.0.*, !=3.1.*, !=3.2.*"
summary = "Python 2 and 3 compatibility utilities"
groups = ["default"]
marker = "python_version >= \"3.12\""
files = [
    {file = "six-1.16.0-py2.py3-none-any.whl", hash = "sha256:8abb2f1d86890a2dfb989f9a77cfcfd3e47c2a354b01111771326f8aa26e0254"},
    {file = "six-1.16.0.tar.gz", hash = "sha256:1e61c37477a1626458e36f7b1d82aa5c9b094fa4802892072e49de9c60c4c926"},
]

[[package]]
name = "sqlalchemy"
version = "0.7.10"
summary = "Database Abstraction Library"
groups = ["default"]
marker = "python_version >= \"3.12\""
files = [
    {file = "SQLAlchemy-0.7.10.tar.gz", hash = "sha256:77aa39d65c9d043eba6ba329b359ff867424fd6c403b7c0cb112b65e507e1d66"},
]

[[package]]
name = "sqlalchemy-migrate"
version = "0.11.0"
summary = "Database schema migration for SQLAlchemy"
groups = ["default"]
marker = "python_version >= \"3.12\""
dependencies = [
    "SQLAlchemy!=0.9.5,>=0.7.8",
    "Tempita>=0.4",
    "decorator",
    "pbr>=1.8",
    "six>=1.7.0",
    "sqlparse",
]
files = [
    {file = "sqlalchemy-migrate-0.11.0.tar.gz", hash = "sha256:e68af5e3e0561f629d4eb23d9d0ea77d2649747f2eff37fd29aece74615ca251"},
]

[[package]]
name = "sqlparse"
version = "0.5.1"
requires_python = ">=3.8"
summary = "A non-validating SQL parser."
groups = ["default"]
marker = "python_version >= \"3.12\""
files = [
    {file = "sqlparse-0.5.1-py3-none-any.whl", hash = "sha256:773dcbf9a5ab44a090f3441e2180efe2560220203dc2f8c0b0fa141e18b505e4"},
    {file = "sqlparse-0.5.1.tar.gz", hash = "sha256:bb6b4df465655ef332548e24f08e205afc81b9ab86cb1c45657a7ff173a3a00e"},
]

[[package]]
name = "tempita"
version = "0.5.2"
summary = "A very small text templating language"
groups = ["default"]
marker = "python_version >= \"3.12\""
files = [
    {file = "Tempita-0.5.2-py3-none-any.whl", hash = "sha256:f4554840cb59c6b4a5df4fad27eea4e3cb47ca7089bfeefb5890ff1bb8af2117"},
    {file = "Tempita-0.5.2.tar.gz", hash = "sha256:cacecf0baa674d356641f1d406b8bff1d756d739c46b869a54de515d08e6fc9c"},
]

[[package]]
name = "xlrd"
version = "0.7.1"
summary = "Library for developers to extract data from Microsoft Excel (tm) spreadsheet files"
groups = ["default"]
marker = "python_version >= \"3.12\""
files = [
    {file = "xlrd-0.7.1.tar.gz", hash = "sha256:ba11be7d2ebe7eeb208a23cc165bb7540451bcbad6da5cbf6947237568d16d14"},
    {file = "xlrd-0.7.1.zip", hash = "sha256:405d0dda93bfb7fa40a5d866a05984a524006ff1f0d1a192d346e68c4bce6263"},
]

[[package]]
name = "xlwt"
version = "0.7.2"
summary = "Library to create spreadsheet files compatible with MS Excel 97/2000/XP/2003 XLS files, on any platform, with Python 2.3 to 2.6"
groups = ["default"]
marker = "python_version >= \"3.12\""
files = [
    {file = "xlwt-0.7.2.tar.gz", hash = "sha256:4dfbacf77e1b9e760621a8d63cd1e799fb046087a9f2a81b40d300c425e0a056"},
    {file = "xlwt-0.7.2.zip", hash = "sha256:d3cf63e044822033aa480cf23e15aef0325c82b6844ddd4da1753fab41ef6ed6"},
]
